
Microsoft Visual Studio Solution File, Format Version 12.00
# Visual Studio Version 16
VisualStudioVersion = 16.0.31424.327
MinimumVisualStudioVersion = 10.0.40219.1
Project("{FAE04EC0-301F-11D3-BF4B-00C04F79EFBC}") = "Proyecto", "Proyecto.csproj", "{85044A51-0352-4C60-92C0-13C378381A7B}"
EndProject
Global
	GlobalSection(SolutionConfigurationPlatforms) = preSolution
		Debug|Any CPU = Debug|Any CPU
		Release|Any CPU = Release|Any CPU
	EndGlobalSection
	GlobalSection(ProjectConfigurationPlatforms) = postSolution
		{85044A51-0352-4C60-92C0-13C378381A7B}.Debug|Any CPU.ActiveCfg = Debug|Any CPU
		{85044A51-0352-4C60-92C0-13C378381A7B}.Debug|Any CPU.Build.0 = Debug|Any CPU
		{85044A51-0352-4C60-92C0-13C378381A7B}.Release|Any CPU.ActiveCfg = Release|Any CPU
		{85044A51-0352-4C60-92C0-13C378381A7B}.Release|Any CPU.Build.0 = Release|Any CPU
	EndGlobalSection
	GlobalSection(SolutionProperties) = preSolution
		HideSolutionNode = FALSE
	EndGlobalSection
	GlobalSection(ExtensibilityGlobals) = postSolution
		SolutionGuid = {3198B36B-6BEF-465B-9A0A-17A4B028B001}
	EndGlobalSection
EndGlobal
